<?xml version="1.0" encoding="utf-8"?>
<Project ToolsVersion="4.0" xmlns="http://schemas.microsoft.com/developer/msbuild/2003">
  <ItemGroup>
    <Filter Include="Source Files">
      <UniqueIdentifier>{4FC737F1-C7A5-4376-A066-2A32D752A2FF}</UniqueIdentifier>
      <Extensions>cpp;c;cc;cxx;def;odl;idl;hpj;bat;asm;asmx</Extensions>
    </Filter>
    <Filter Include="Header Files">
      <UniqueIdentifier>{93995380-89BD-4b04-88EB-625FBE52EBFB}</UniqueIdentifier>
      <Extensions>h;hh;hpp;hxx;hm;inl;inc;xsd</Extensions>
    </Filter>
    <Filter Include="Resource Files">
      <UniqueIdentifier>{67DA6AB6-F800-4c08-8B7A-83BB121AAD01}</UniqueIdentifier>
      <Extensions>rc;ico;cur;bmp;dlg;rc2;rct;bin;rgs;gif;jpg;jpeg;jpe;resx;tiff;tif;png;wav;mfcribbon-ms</Extensions>
    </Filter>
    <Filter Include="bm">
      <UniqueIdentifier>{230b187b-ab15-46ac-87fe-73ebe00f4be3}</UniqueIdentifier>
    </Filter>
    <Filter Include="src">
      <UniqueIdentifier>{70b440bd-31b8-4e7f-997a-b3432affaa8e}</UniqueIdentifier>
    </Filter>
  </ItemGroup>
  <ItemGroup>
    <ClInclude Include="stdafx.h">
      <Filter>Header Files</Filter>
    </ClInclude>
    <ClInclude Include="..\Stream2File\bm\sys_inc.h">
      <Filter>bm</Filter>
    </ClInclude>
    <ClInclude Include="..\Stream2File\bm\sys_log.h">
      <Filter>bm</Filter>
    </ClInclude>
    <ClInclude Include="..\Stream2File\src\mp4_ctx.h">
      <Filter>src</Filter>
    </ClInclude>
    <ClInclude Include="..\Stream2File\src\mp4_read.h">
      <Filter>src</Filter>
    </ClInclude>
  </ItemGroup>
  <ItemGroup>
    <ClCompile Include="stdafx.cpp">
      <Filter>Source Files</Filter>
    </ClCompile>
    <ClCompile Include="main.cpp">
      <Filter>Source Files</Filter>
    </ClCompile>
    <ClCompile Include="..\Stream2File\bm\sys_log.cpp">
      <Filter>bm</Filter>
    </ClCompile>
    <ClCompile Include="..\Stream2File\bm\sys_os.cpp">
      <Filter>bm</Filter>
    </ClCompile>
    <ClCompile Include="..\Stream2File\src\mp4_read.cpp">
      <Filter>src</Filter>
    </ClCompile>
  </ItemGroup>
</Project>